
Microsoft Visual Studio Solution File, Format Version 12.00
# Visual Studio Version 16
VisualStudioVersion = 16.0.29123.88
MinimumVisualStudioVersion = 10.0.40219.1
Project("{FAE04EC0-301F-11D3-BF4B-00C04F79EFBC}") = "WebAPI", "WebAPI.csproj", "{3DD4A5BB-CA1C-4D1C-83E9-CDDD78B6F9A7}"
EndProject
Global
	GlobalSection(SolutionConfigurationPlatforms) = preSolution
		Debug|Any CPU = Debug|Any CPU
		Release|Any CPU = Release|Any CPU
	EndGlobalSection
	GlobalSection(ProjectConfigurationPlatforms) = postSolution
		{3DD4A5BB-CA1C-4D1C-83E9-CDDD78B6F9A7}.Debug|Any CPU.ActiveCfg = Debug|Any CPU
		{3DD4A5BB-CA1C-4D1C-83E9-CDDD78B6F9A7}.Debug|Any CPU.Build.0 = Debug|Any CPU
		{3DD4A5BB-CA1C-4D1C-83E9-CDDD78B6F9A7}.Release|Any CPU.ActiveCfg = Release|Any CPU
		{3DD4A5BB-CA1C-4D1C-83E9-CDDD78B6F9A7}.Release|Any CPU.Build.0 = Release|Any CPU
	EndGlobalSection
	GlobalSection(SolutionProperties) = preSolution
		HideSolutionNode = FALSE
	EndGlobalSection
	GlobalSection(ExtensibilityGlobals) = postSolution
		SolutionGuid = {AE6E78DE-E599-42FE-B083-71140C59DC1B}
	EndGlobalSection
EndGlobal
